
Microsoft Visual Studio Solution File, Format Version 12.00
# Visual Studio Version 17
VisualStudioVersion = 17.2.32630.192
MinimumVisualStudioVersion = 10.0.40219.1
Project("{9A19103F-16F7-4668-BE54-9A1E7A4F7556}") = "RESTNet6Calculator", "RESTNet6Calculator\RESTNet6Calculator.csproj", "{53F00681-36FC-4B9B-A707-E2BD8EA6B88D}"
EndProject
Global
	GlobalSection(SolutionConfigurationPlatforms) = preSolution
		Debug|Any CPU = Debug|Any CPU
		Release|Any CPU = Release|Any CPU
	EndGlobalSection
	GlobalSection(ProjectConfigurationPlatforms) = postSolution
		{53F00681-36FC-4B9B-A707-E2BD8EA6B88D}.Debug|Any CPU.ActiveCfg = Debug|Any CPU
		{53F00681-36FC-4B9B-A707-E2BD8EA6B88D}.Debug|Any CPU.Build.0 = Debug|Any CPU
		{53F00681-36FC-4B9B-A707-E2BD8EA6B88D}.Release|Any CPU.ActiveCfg = Release|Any CPU
		{53F00681-36FC-4B9B-A707-E2BD8EA6B88D}.Release|Any CPU.Build.0 = Release|Any CPU
	EndGlobalSection
	GlobalSection(SolutionProperties) = preSolution
		HideSolutionNode = FALSE
	EndGlobalSection
	GlobalSection(ExtensibilityGlobals) = postSolution
		SolutionGuid = {B6A66E63-C2FE-4D09-90B3-402CDB2550E5}
	EndGlobalSection
EndGlobal
